
Microsoft Visual Studio Solution File, Format Version 12.00
# Visual Studio Version 17
VisualStudioVersion = 17.7.34024.191
MinimumVisualStudioVersion = 10.0.40219.1
Project("{FAE04EC0-301F-11D3-BF4B-00C04F79EFBC}") = "Шифр Цезаря", "Шифр Цезаря\Шифр Цезаря.csproj", "{0CCCB60B-EE6F-4EDE-BB16-AB67F981411E}"
EndProject
Global
	GlobalSection(SolutionConfigurationPlatforms) = preSolution
		Debug|Any CPU = Debug|Any CPU
		Release|Any CPU = Release|Any CPU
	EndGlobalSection
	GlobalSection(ProjectConfigurationPlatforms) = postSolution
		{0CCCB60B-EE6F-4EDE-BB16-AB67F981411E}.Debug|Any CPU.ActiveCfg = Debug|Any CPU
		{0CCCB60B-EE6F-4EDE-BB16-AB67F981411E}.Debug|Any CPU.Build.0 = Debug|Any CPU
		{0CCCB60B-EE6F-4EDE-BB16-AB67F981411E}.Release|Any CPU.ActiveCfg = Release|Any CPU
		{0CCCB60B-EE6F-4EDE-BB16-AB67F981411E}.Release|Any CPU.Build.0 = Release|Any CPU
	EndGlobalSection
	GlobalSection(SolutionProperties) = preSolution
		HideSolutionNode = FALSE
	EndGlobalSection
	GlobalSection(ExtensibilityGlobals) = postSolution
		SolutionGuid = {DB99B305-3F69-4B8A-9784-CA23A55BED2F}
	EndGlobalSection
EndGlobal
